{
  "name": "TimeOut",
  "lockfileVersion": 3,
  "requires": true,
<<<<<<< HEAD
  "packages": {}
=======
  "packages": {
    "": {
      "devDependencies": {
        "husky": "^8.0.0"
      }
    },
    "node_modules/husky": {
      "version": "8.0.3",
      "resolved": "https://registry.npmjs.org/husky/-/husky-8.0.3.tgz",
      "integrity": "sha512-+dQSyqPh4x1hlO1swXBiNb2HzTDN1I2IGLQx1GrBuiqFJfoMrnZWwVmatvSiO+Iz8fBUnf+lekwNo4c2LlXItg==",
      "dev": true,
      "bin": {
        "husky": "lib/bin.js"
      },
      "engines": {
        "node": ">=14"
      },
      "funding": {
        "url": "https://github.com/sponsors/typicode"
      }
    }
  }
>>>>>>> 901d60be851b10f8d8e2aa1a6f85af4225c45b46
}
